
Microsoft Visual Studio Solution File, Format Version 12.00
# Visual Studio Version 17
VisualStudioVersion = 17.12.35707.178 d17.12
MinimumVisualStudioVersion = 10.0.40219.1
Project("{FAE04EC0-301F-11D3-BF4B-00C04F79EFBC}") = "Custom Attribute Ödevi", "Custom Attribute Ödevi\Custom Attribute Ödevi.csproj", "{953879FA-FAD9-4213-91F6-8BBD2445075F}"
EndProject
Global
	GlobalSection(SolutionConfigurationPlatforms) = preSolution
		Debug|Any CPU = Debug|Any CPU
		Release|Any CPU = Release|Any CPU
	EndGlobalSection
	GlobalSection(ProjectConfigurationPlatforms) = postSolution
		{953879FA-FAD9-4213-91F6-8BBD2445075F}.Debug|Any CPU.ActiveCfg = Debug|Any CPU
		{953879FA-FAD9-4213-91F6-8BBD2445075F}.Debug|Any CPU.Build.0 = Debug|Any CPU
		{953879FA-FAD9-4213-91F6-8BBD2445075F}.Release|Any CPU.ActiveCfg = Release|Any CPU
		{953879FA-FAD9-4213-91F6-8BBD2445075F}.Release|Any CPU.Build.0 = Release|Any CPU
	EndGlobalSection
	GlobalSection(SolutionProperties) = preSolution
		HideSolutionNode = FALSE
	EndGlobalSection
EndGlobal
