
Microsoft Visual Studio Solution File, Format Version 12.00
# Visual Studio Version 17
VisualStudioVersion = 17.12.35707.178 d17.12
MinimumVisualStudioVersion = 10.0.40219.1
Project("{FAE04EC0-301F-11D3-BF4B-00C04F79EFBC}") = "Generic List ve Nesne Kullanımı Ödevi - PRS", "Generic List ve Nesne Kullanımı Ödevi - PRS\Generic List ve Nesne Kullanımı Ödevi - PRS.csproj", "{BD459805-6BB2-4213-9870-54B80AF05306}"
EndProject
Global
	GlobalSection(SolutionConfigurationPlatforms) = preSolution
		Debug|Any CPU = Debug|Any CPU
		Release|Any CPU = Release|Any CPU
	EndGlobalSection
	GlobalSection(ProjectConfigurationPlatforms) = postSolution
		{BD459805-6BB2-4213-9870-54B80AF05306}.Debug|Any CPU.ActiveCfg = Debug|Any CPU
		{BD459805-6BB2-4213-9870-54B80AF05306}.Debug|Any CPU.Build.0 = Debug|Any CPU
		{BD459805-6BB2-4213-9870-54B80AF05306}.Release|Any CPU.ActiveCfg = Release|Any CPU
		{BD459805-6BB2-4213-9870-54B80AF05306}.Release|Any CPU.Build.0 = Release|Any CPU
	EndGlobalSection
	GlobalSection(SolutionProperties) = preSolution
		HideSolutionNode = FALSE
	EndGlobalSection
EndGlobal
